PODS:
  - Flutter (1.0.0)
  - flutter_rtc (0.0.1):
    - Flutter

DEPENDENCIES:
  - Flutter (from `Flutter`)
  - flutter_rtc (from `.symlinks/plugins/flutter_rtc/ios`)

EXTERNAL SOURCES:
  Flutter:
    :path: Flutter
  flutter_rtc:
    :path: ".symlinks/plugins/flutter_rtc/ios"

SPEC CHECKSUMS:
  Flutter: 0e3d915762c693b495b44d77113d4970485de6ec
  flutter_rtc: decc50848c0b45ed7b37bfadbda3c0e3cc3be509

PODFILE CHECKSUM: aafe91acc616949ddb318b77800a7f51bffa2a4c

COCOAPODS: 1.9.3
